
Microsoft Visual Studio Solution File, Format Version 12.00
# Visual Studio Version 16
VisualStudioVersion = 16.0.30114.105
MinimumVisualStudioVersion = 10.0.40219.1
Project("{FAE04EC0-301F-11D3-BF4B-00C04F79EFBC}") = "Zadanie 1", "Zadanie 1\Zadanie 1.csproj", "{A258B6AB-CDE0-414C-897E-62E209C10CF6}"
EndProject
Project("{FAE04EC0-301F-11D3-BF4B-00C04F79EFBC}") = "Zadanie 2", "Zadanie 2\Zadanie 2.csproj", "{136376C1-ED1F-4959-925F-8689546EC04A}"
EndProject
Project("{FAE04EC0-301F-11D3-BF4B-00C04F79EFBC}") = "Zadanie 3", "Zadanie 3\Zadanie 3.csproj", "{DB8F4DA2-1B86-4710-B66E-188D70A0CF80}"
EndProject
Project("{FAE04EC0-301F-11D3-BF4B-00C04F79EFBC}") = "Zadanie 4", "Zadanie 4\Zadanie 4.csproj", "{12177FC7-7284-439D-94EF-3303FA570A16}"
EndProject
Project("{FAE04EC0-301F-11D3-BF4B-00C04F79EFBC}") = "Zadanie 7", "Zadanie 7\Zadanie 7.csproj", "{A3D5F008-0862-4D3A-811E-B76BDC14AD01}"
EndProject
Project("{FAE04EC0-301F-11D3-BF4B-00C04F79EFBC}") = "Zadanie 8", "Zadanie 8\Zadanie 8.csproj", "{89A57D02-41D5-4DA9-9F6A-2370CF5050B4}"
EndProject
Project("{FAE04EC0-301F-11D3-BF4B-00C04F79EFBC}") = "Zadanie 9", "Zadanie 9\Zadanie 9.csproj", "{39B33831-E8C9-4EC3-8FA8-26C2AE0221E3}"
EndProject
Project("{FAE04EC0-301F-11D3-BF4B-00C04F79EFBC}") = "Zadanie10", "Zadanie 10\Zadanie10.csproj", "{1AF5C933-4637-4752-A46A-4346F7D036A2}"
EndProject
Project("{FAE04EC0-301F-11D3-BF4B-00C04F79EFBC}") = "Zadanie11", "Zadanie11\Zadanie11.csproj", "{80A50E15-AE87-4E4F-93F3-916290166320}"
EndProject
Project("{FAE04EC0-301F-11D3-BF4B-00C04F79EFBC}") = "Zadanie12", "Zadanie12\Zadanie12.csproj", "{6F2B663C-6D39-43EA-932A-BF41D1250420}"
EndProject
Project("{FAE04EC0-301F-11D3-BF4B-00C04F79EFBC}") = "Zadanie13", "Zadanie13\Zadanie13.csproj", "{A19D5C19-5543-4F8D-A8E0-72CD780CEB1C}"
EndProject
Project("{FAE04EC0-301F-11D3-BF4B-00C04F79EFBC}") = "Zadanie14", "Zadanie14\Zadanie14.csproj", "{F81B3A8D-6016-4705-B4FF-E2E87DE3EC47}"
EndProject
Project("{FAE04EC0-301F-11D3-BF4B-00C04F79EFBC}") = "Zadanie15", "Zadanie15\Zadanie15.csproj", "{2F75CB7F-8992-4E74-98E5-8435A59A718B}"
EndProject
Project("{FAE04EC0-301F-11D3-BF4B-00C04F79EFBC}") = "Zadanie16", "Zadanie16\Zadanie16.csproj", "{CDE75545-D627-451B-B5DF-D7EA1850B7ED}"
EndProject
Project("{FAE04EC0-301F-11D3-BF4B-00C04F79EFBC}") = "Zadanie17", "Zadanie17\Zadanie17.csproj", "{439CFE73-9B76-4BA1-B69E-D7F28CDED1B4}"
EndProject
Project("{FAE04EC0-301F-11D3-BF4B-00C04F79EFBC}") = "PasekPostepu", "PasekPostepu\PasekPostepu.csproj", "{F6473867-6FC6-43FF-B253-BE0267BA60E4}"
EndProject
Project("{FAE04EC0-301F-11D3-BF4B-00C04F79EFBC}") = "Inkrementacja", "Inkrementacja\Inkrementacja.csproj", "{7FBF27E9-76BD-4777-AC07-09AC06360E93}"
EndProject
Global
	GlobalSection(SolutionConfigurationPlatforms) = preSolution
		Debug|Any CPU = Debug|Any CPU
		Release|Any CPU = Release|Any CPU
	EndGlobalSection
	GlobalSection(ProjectConfigurationPlatforms) = postSolution
		{A258B6AB-CDE0-414C-897E-62E209C10CF6}.Debug|Any CPU.ActiveCfg = Debug|Any CPU
		{A258B6AB-CDE0-414C-897E-62E209C10CF6}.Debug|Any CPU.Build.0 = Debug|Any CPU
		{A258B6AB-CDE0-414C-897E-62E209C10CF6}.Release|Any CPU.ActiveCfg = Release|Any CPU
		{A258B6AB-CDE0-414C-897E-62E209C10CF6}.Release|Any CPU.Build.0 = Release|Any CPU
		{136376C1-ED1F-4959-925F-8689546EC04A}.Debug|Any CPU.ActiveCfg = Debug|Any CPU
		{136376C1-ED1F-4959-925F-8689546EC04A}.Debug|Any CPU.Build.0 = Debug|Any CPU
		{136376C1-ED1F-4959-925F-8689546EC04A}.Release|Any CPU.ActiveCfg = Release|Any CPU
		{136376C1-ED1F-4959-925F-8689546EC04A}.Release|Any CPU.Build.0 = Release|Any CPU
		{DB8F4DA2-1B86-4710-B66E-188D70A0CF80}.Debug|Any CPU.ActiveCfg = Debug|Any CPU
		{DB8F4DA2-1B86-4710-B66E-188D70A0CF80}.Debug|Any CPU.Build.0 = Debug|Any CPU
		{DB8F4DA2-1B86-4710-B66E-188D70A0CF80}.Release|Any CPU.ActiveCfg = Release|Any CPU
		{DB8F4DA2-1B86-4710-B66E-188D70A0CF80}.Release|Any CPU.Build.0 = Release|Any CPU
		{12177FC7-7284-439D-94EF-3303FA570A16}.Debug|Any CPU.ActiveCfg = Debug|Any CPU
		{12177FC7-7284-439D-94EF-3303FA570A16}.Debug|Any CPU.Build.0 = Debug|Any CPU
		{12177FC7-7284-439D-94EF-3303FA570A16}.Release|Any CPU.ActiveCfg = Release|Any CPU
		{12177FC7-7284-439D-94EF-3303FA570A16}.Release|Any CPU.Build.0 = Release|Any CPU
		{A3D5F008-0862-4D3A-811E-B76BDC14AD01}.Debug|Any CPU.ActiveCfg = Debug|Any CPU
		{A3D5F008-0862-4D3A-811E-B76BDC14AD01}.Debug|Any CPU.Build.0 = Debug|Any CPU
		{A3D5F008-0862-4D3A-811E-B76BDC14AD01}.Release|Any CPU.ActiveCfg = Release|Any CPU
		{A3D5F008-0862-4D3A-811E-B76BDC14AD01}.Release|Any CPU.Build.0 = Release|Any CPU
		{89A57D02-41D5-4DA9-9F6A-2370CF5050B4}.Debug|Any CPU.ActiveCfg = Debug|Any CPU
		{89A57D02-41D5-4DA9-9F6A-2370CF5050B4}.Debug|Any CPU.Build.0 = Debug|Any CPU
		{89A57D02-41D5-4DA9-9F6A-2370CF5050B4}.Release|Any CPU.ActiveCfg = Release|Any CPU
		{89A57D02-41D5-4DA9-9F6A-2370CF5050B4}.Release|Any CPU.Build.0 = Release|Any CPU
		{39B33831-E8C9-4EC3-8FA8-26C2AE0221E3}.Debug|Any CPU.ActiveCfg = Debug|Any CPU
		{39B33831-E8C9-4EC3-8FA8-26C2AE0221E3}.Debug|Any CPU.Build.0 = Debug|Any CPU
		{39B33831-E8C9-4EC3-8FA8-26C2AE0221E3}.Release|Any CPU.ActiveCfg = Release|Any CPU
		{39B33831-E8C9-4EC3-8FA8-26C2AE0221E3}.Release|Any CPU.Build.0 = Release|Any CPU
		{1AF5C933-4637-4752-A46A-4346F7D036A2}.Debug|Any CPU.ActiveCfg = Debug|Any CPU
		{1AF5C933-4637-4752-A46A-4346F7D036A2}.Debug|Any CPU.Build.0 = Debug|Any CPU
		{1AF5C933-4637-4752-A46A-4346F7D036A2}.Release|Any CPU.ActiveCfg = Release|Any CPU
		{1AF5C933-4637-4752-A46A-4346F7D036A2}.Release|Any CPU.Build.0 = Release|Any CPU
		{80A50E15-AE87-4E4F-93F3-916290166320}.Debug|Any CPU.ActiveCfg = Debug|Any CPU
		{80A50E15-AE87-4E4F-93F3-916290166320}.Debug|Any CPU.Build.0 = Debug|Any CPU
		{80A50E15-AE87-4E4F-93F3-916290166320}.Release|Any CPU.ActiveCfg = Release|Any CPU
		{80A50E15-AE87-4E4F-93F3-916290166320}.Release|Any CPU.Build.0 = Release|Any CPU
		{6F2B663C-6D39-43EA-932A-BF41D1250420}.Debug|Any CPU.ActiveCfg = Debug|Any CPU
		{6F2B663C-6D39-43EA-932A-BF41D1250420}.Debug|Any CPU.Build.0 = Debug|Any CPU
		{6F2B663C-6D39-43EA-932A-BF41D1250420}.Release|Any CPU.ActiveCfg = Release|Any CPU
		{6F2B663C-6D39-43EA-932A-BF41D1250420}.Release|Any CPU.Build.0 = Release|Any CPU
		{A19D5C19-5543-4F8D-A8E0-72CD780CEB1C}.Debug|Any CPU.ActiveCfg = Debug|Any CPU
		{A19D5C19-5543-4F8D-A8E0-72CD780CEB1C}.Debug|Any CPU.Build.0 = Debug|Any CPU
		{A19D5C19-5543-4F8D-A8E0-72CD780CEB1C}.Release|Any CPU.ActiveCfg = Release|Any CPU
		{A19D5C19-5543-4F8D-A8E0-72CD780CEB1C}.Release|Any CPU.Build.0 = Release|Any CPU
		{F81B3A8D-6016-4705-B4FF-E2E87DE3EC47}.Debug|Any CPU.ActiveCfg = Debug|Any CPU
		{F81B3A8D-6016-4705-B4FF-E2E87DE3EC47}.Debug|Any CPU.Build.0 = Debug|Any CPU
		{F81B3A8D-6016-4705-B4FF-E2E87DE3EC47}.Release|Any CPU.ActiveCfg = Release|Any CPU
		{F81B3A8D-6016-4705-B4FF-E2E87DE3EC47}.Release|Any CPU.Build.0 = Release|Any CPU
		{2F75CB7F-8992-4E74-98E5-8435A59A718B}.Debug|Any CPU.ActiveCfg = Debug|Any CPU
		{2F75CB7F-8992-4E74-98E5-8435A59A718B}.Debug|Any CPU.Build.0 = Debug|Any CPU
		{2F75CB7F-8992-4E74-98E5-8435A59A718B}.Release|Any CPU.ActiveCfg = Release|Any CPU
		{2F75CB7F-8992-4E74-98E5-8435A59A718B}.Release|Any CPU.Build.0 = Release|Any CPU
		{CDE75545-D627-451B-B5DF-D7EA1850B7ED}.Debug|Any CPU.ActiveCfg = Debug|Any CPU
		{CDE75545-D627-451B-B5DF-D7EA1850B7ED}.Debug|Any CPU.Build.0 = Debug|Any CPU
		{CDE75545-D627-451B-B5DF-D7EA1850B7ED}.Release|Any CPU.ActiveCfg = Release|Any CPU
		{CDE75545-D627-451B-B5DF-D7EA1850B7ED}.Release|Any CPU.Build.0 = Release|Any CPU
		{439CFE73-9B76-4BA1-B69E-D7F28CDED1B4}.Debug|Any CPU.ActiveCfg = Debug|Any CPU
		{439CFE73-9B76-4BA1-B69E-D7F28CDED1B4}.Debug|Any CPU.Build.0 = Debug|Any CPU
		{439CFE73-9B76-4BA1-B69E-D7F28CDED1B4}.Release|Any CPU.ActiveCfg = Release|Any CPU
		{439CFE73-9B76-4BA1-B69E-D7F28CDED1B4}.Release|Any CPU.Build.0 = Release|Any CPU
		{F6473867-6FC6-43FF-B253-BE0267BA60E4}.Debug|Any CPU.ActiveCfg = Debug|Any CPU
		{F6473867-6FC6-43FF-B253-BE0267BA60E4}.Debug|Any CPU.Build.0 = Debug|Any CPU
		{F6473867-6FC6-43FF-B253-BE0267BA60E4}.Release|Any CPU.ActiveCfg = Release|Any CPU
		{F6473867-6FC6-43FF-B253-BE0267BA60E4}.Release|Any CPU.Build.0 = Release|Any CPU
		{7FBF27E9-76BD-4777-AC07-09AC06360E93}.Debug|Any CPU.ActiveCfg = Debug|Any CPU
		{7FBF27E9-76BD-4777-AC07-09AC06360E93}.Debug|Any CPU.Build.0 = Debug|Any CPU
		{7FBF27E9-76BD-4777-AC07-09AC06360E93}.Release|Any CPU.ActiveCfg = Release|Any CPU
		{7FBF27E9-76BD-4777-AC07-09AC06360E93}.Release|Any CPU.Build.0 = Release|Any CPU
	EndGlobalSection
	GlobalSection(SolutionProperties) = preSolution
		HideSolutionNode = FALSE
	EndGlobalSection
	GlobalSection(ExtensibilityGlobals) = postSolution
		SolutionGuid = {77ED82AB-2C14-4EE2-863E-21DAE585772E}
	EndGlobalSection
EndGlobal
